
Microsoft Visual Studio Solution File, Format Version 12.00
# Visual Studio 15
VisualStudioVersion = 15.0.28307.1022
MinimumVisualStudioVersion = 10.0.40219.1
Project("{8BC9CEB8-8B4A-11D0-8D11-00A0C91BC942}") = "date0310T3", "date0310T3\date0310T3.vcxproj", "{61800C4F-D925-4A04-805B-491A12C0A937}"
EndProject
Global
	GlobalSection(SolutionConfigurationPlatforms) = preSolution
		Debug|x64 = Debug|x64
		Debug|x86 = Debug|x86
		Release|x64 = Release|x64
		Release|x86 = Release|x86
	EndGlobalSection
	GlobalSection(ProjectConfigurationPlatforms) = postSolution
		{61800C4F-D925-4A04-805B-491A12C0A937}.Debug|x64.ActiveCfg = Debug|x64
		{61800C4F-D925-4A04-805B-491A12C0A937}.Debug|x64.Build.0 = Debug|x64
		{61800C4F-D925-4A04-805B-491A12C0A937}.Debug|x86.ActiveCfg = Debug|Win32
		{61800C4F-D925-4A04-805B-491A12C0A937}.Debug|x86.Build.0 = Debug|Win32
		{61800C4F-D925-4A04-805B-491A12C0A937}.Release|x64.ActiveCfg = Release|x64
		{61800C4F-D925-4A04-805B-491A12C0A937}.Release|x64.Build.0 = Release|x64
		{61800C4F-D925-4A04-805B-491A12C0A937}.Release|x86.ActiveCfg = Release|Win32
		{61800C4F-D925-4A04-805B-491A12C0A937}.Release|x86.Build.0 = Release|Win32
	EndGlobalSection
	GlobalSection(SolutionProperties) = preSolution
		HideSolutionNode = FALSE
	EndGlobalSection
	GlobalSection(ExtensibilityGlobals) = postSolution
		SolutionGuid = {FEE7C510-74BD-4D8D-BFF9-B8194920966F}
	EndGlobalSection
EndGlobal
